
Microsoft Visual Studio Solution File, Format Version 12.00
# Visual Studio Version 16
VisualStudioVersion = 16.0.33927.289
MinimumVisualStudioVersion = 10.0.40219.1
Project("{2150E333-8FDC-42A3-9474-1A3956D46DE8}") = "Task0", "Task0", "{3E819727-5270-45ED-8300-6A0C6759C27E}"
EndProject
Project("{FAE04EC0-301F-11D3-BF4B-00C04F79EFBC}") = "Tyuiu.ShtolVA.Sprint3.Task0.V4", "Tyuiu.ShtolVA.Sprint3.Task0.V4\Tyuiu.ShtolVA.Sprint3.Task0.V4.csproj", "{10D64CAC-7E4C-4757-84A3-566A53A2361A}"
EndProject
Project("{FAE04EC0-301F-11D3-BF4B-00C04F79EFBC}") = "Tyuiu.ShtolVA.Sprint3.Task0.V4.Lib", "Tyuiu.ShtolVA.Sprint3.Task0.V4.Lib\Tyuiu.ShtolVA.Sprint3.Task0.V4.Lib.csproj", "{90A8F1D2-B5DD-4240-A7C3-45D6755FA116}"
EndProject
Project("{FAE04EC0-301F-11D3-BF4B-00C04F79EFBC}") = "Tyuiu.ShtolVA.Sprint3.Task0.V4.Test", "Tyuiu.ShtolVA.Sprint3.Task0.V4.Test\Tyuiu.ShtolVA.Sprint3.Task0.V4.Test.csproj", "{E0CFBA53-1ED4-4A14-99A0-046310D0DFEB}"
EndProject
Project("{2150E333-8FDC-42A3-9474-1A3956D46DE8}") = "Task1", "Task1", "{5ABF3A86-814B-4239-ABE9-55D45CA6EB66}"
EndProject
Project("{FAE04EC0-301F-11D3-BF4B-00C04F79EFBC}") = "Tyuiu.ShtolVA.Sprint3.Task1.V7", "Tyuiu.ShtolVA.Sprint3.Task1.V7\Tyuiu.ShtolVA.Sprint3.Task1.V7.csproj", "{C5AEC62A-2DC8-4020-80E6-9E87B2925312}"
EndProject
Project("{FAE04EC0-301F-11D3-BF4B-00C04F79EFBC}") = "Tyuiu.ShtolVA.Sprint3.Task1.V7.Lib", "Tyuiu.ShtolVA.Sprint3.Task1.V7.Lib\Tyuiu.ShtolVA.Sprint3.Task1.V7.Lib.csproj", "{2BAC87CC-51A8-41D9-96D5-5282B0BD73A8}"
EndProject
Project("{FAE04EC0-301F-11D3-BF4B-00C04F79EFBC}") = "Tyuiu.ShtolVA.Sprint3.Task1.V7.Test", "Tyuiu.ShtolVA.Sprint3.Task1.V7.Test\Tyuiu.ShtolVA.Sprint3.Task1.V7.Test.csproj", "{E79689AD-C395-4AAC-81AA-2F6CE5FCE814}"
EndProject
Project("{2150E333-8FDC-42A3-9474-1A3956D46DE8}") = "Task2", "Task2", "{4ADC0743-B43F-43BC-979C-33AB1F17E9B0}"
EndProject
Project("{FAE04EC0-301F-11D3-BF4B-00C04F79EFBC}") = "Tyuiu.ShtolVA.Sprint3.Task2.V21", "Tyuiu.ShtolVA.Sprint3.Task2.V21\Tyuiu.ShtolVA.Sprint3.Task2.V21.csproj", "{06B934ED-80BE-4444-BEDD-D5678509D982}"
EndProject
Project("{FAE04EC0-301F-11D3-BF4B-00C04F79EFBC}") = "Tyuiu.ShtolVA.Sprint3.Task2.V21.Lib", "Tyuiu.ShtolVA.Sprint3.Task2.V21.Lib\Tyuiu.ShtolVA.Sprint3.Task2.V21.Lib.csproj", "{52103D21-9DD1-4C60-BC26-DB3DDDB196CF}"
EndProject
Project("{FAE04EC0-301F-11D3-BF4B-00C04F79EFBC}") = "Tyuiu.ShtolVA.Sprint3.Task2.V21.Test", "Tyuiu.ShtolVA.Sprint3.Task2.V21.Test\Tyuiu.ShtolVA.Sprint3.Task2.V21.Test.csproj", "{405A57F6-959F-4C2E-9BDF-0C62527AEBBD}"
EndProject
Project("{2150E333-8FDC-42A3-9474-1A3956D46DE8}") = "Task3", "Task3", "{34F23130-1578-4B1C-90B4-9B7F5AD6C0F7}"
EndProject
Project("{FAE04EC0-301F-11D3-BF4B-00C04F79EFBC}") = "Tyuiu.ShtolVA.Sprint3.Task3.V10", "Tyuiu.ShtolVA.Sprint3.Task3.V10\Tyuiu.ShtolVA.Sprint3.Task3.V10.csproj", "{D05C9B39-29FF-4087-9F74-06B3295146B5}"
EndProject
Project("{FAE04EC0-301F-11D3-BF4B-00C04F79EFBC}") = "Tyuiu.ShtolVA.Sprint3.Task3.V10.Lib", "Tyuiu.ShtolVA.Sprint3.Task3.V10.Lib\Tyuiu.ShtolVA.Sprint3.Task3.V10.Lib.csproj", "{88B1DF19-F53A-4B0F-8578-39383A7A3021}"
EndProject
Project("{FAE04EC0-301F-11D3-BF4B-00C04F79EFBC}") = "Tyuiu.ShtolVA.Sprint3.Task3.V10.Test", "Tyuiu.ShtolVA.Sprint3.Task3.V10.Test\Tyuiu.ShtolVA.Sprint3.Task3.V10.Test.csproj", "{F1ADEC27-2124-4B86-A97D-DF83B9692DD6}"
EndProject
Project("{2150E333-8FDC-42A3-9474-1A3956D46DE8}") = "Task4", "Task4", "{1CBA6FE6-4DBA-45B1-A69D-1E70BD751DE6}"
EndProject
Project("{FAE04EC0-301F-11D3-BF4B-00C04F79EFBC}") = "Tyuiu.ShtolVA.Sprint3.Task4.V16", "Tyuiu.ShtolVA.Sprint3.Task4.V16\Tyuiu.ShtolVA.Sprint3.Task4.V16.csproj", "{56B57067-802B-4223-A77A-553F78AF4A42}"
EndProject
Project("{FAE04EC0-301F-11D3-BF4B-00C04F79EFBC}") = "Tyuiu.ShtolVA.Sprint3.Task4.V16.Lib", "Tyuiu.ShtolVA.Sprint3.Task4.V16.Lib\Tyuiu.ShtolVA.Sprint3.Task4.V16.Lib.csproj", "{20A9757D-E396-427D-B383-ABE2703CF4FE}"
EndProject
Project("{FAE04EC0-301F-11D3-BF4B-00C04F79EFBC}") = "Tyuiu.ShtolVA.Sprint3.Task4.V16.Test", "Tyuiu.ShtolVA.Sprint3.Task4.V16.Test\Tyuiu.ShtolVA.Sprint3.Task4.V16.Test.csproj", "{A53100DC-8F82-420D-8F16-B74516718A7A}"
EndProject
Project("{2150E333-8FDC-42A3-9474-1A3956D46DE8}") = "Task5", "Task5", "{7369DEED-C76E-4D6A-9701-572570B55A8F}"
EndProject
Project("{FAE04EC0-301F-11D3-BF4B-00C04F79EFBC}") = "Tyuiu.ShtolVA.Sprint3.Task5.V26", "Tyuiu.ShtolVA.Sprint3.Task5.V26\Tyuiu.ShtolVA.Sprint3.Task5.V26.csproj", "{5B6BD244-92FF-46D3-A979-34FB2EB80D0D}"
EndProject
Project("{FAE04EC0-301F-11D3-BF4B-00C04F79EFBC}") = "Tyuiu.ShtolVA.Sprint3.Task5.V26.Lib", "Tyuiu.ShtolVA.Sprint3.Task5.V26.Lib\Tyuiu.ShtolVA.Sprint3.Task5.V26.Lib.csproj", "{C2F5AEE0-8BC5-45F7-ABD9-FD71E143C754}"
EndProject
Project("{FAE04EC0-301F-11D3-BF4B-00C04F79EFBC}") = "Tyuiu.ShtolVA.Sprint3.Task5.V26.Test", "Tyuiu.ShtolVA.Sprint3.Task5.V26.Test\Tyuiu.ShtolVA.Sprint3.Task5.V26.Test.csproj", "{593AF5FE-C9C6-4969-AC8B-FD66EAC2B229}"
EndProject
Global
	GlobalSection(SolutionConfigurationPlatforms) = preSolution
		Debug|Any CPU = Debug|Any CPU
		Release|Any CPU = Release|Any CPU
	EndGlobalSection
	GlobalSection(ProjectConfigurationPlatforms) = postSolution
		{10D64CAC-7E4C-4757-84A3-566A53A2361A}.Debug|Any CPU.ActiveCfg = Debug|Any CPU
		{10D64CAC-7E4C-4757-84A3-566A53A2361A}.Debug|Any CPU.Build.0 = Debug|Any CPU
		{10D64CAC-7E4C-4757-84A3-566A53A2361A}.Release|Any CPU.ActiveCfg = Release|Any CPU
		{10D64CAC-7E4C-4757-84A3-566A53A2361A}.Release|Any CPU.Build.0 = Release|Any CPU
		{90A8F1D2-B5DD-4240-A7C3-45D6755FA116}.Debug|Any CPU.ActiveCfg = Debug|Any CPU
		{90A8F1D2-B5DD-4240-A7C3-45D6755FA116}.Debug|Any CPU.Build.0 = Debug|Any CPU
		{90A8F1D2-B5DD-4240-A7C3-45D6755FA116}.Release|Any CPU.ActiveCfg = Release|Any CPU
		{90A8F1D2-B5DD-4240-A7C3-45D6755FA116}.Release|Any CPU.Build.0 = Release|Any CPU
		{E0CFBA53-1ED4-4A14-99A0-046310D0DFEB}.Debug|Any CPU.ActiveCfg = Debug|Any CPU
		{E0CFBA53-1ED4-4A14-99A0-046310D0DFEB}.Debug|Any CPU.Build.0 = Debug|Any CPU
		{E0CFBA53-1ED4-4A14-99A0-046310D0DFEB}.Release|Any CPU.ActiveCfg = Release|Any CPU
		{E0CFBA53-1ED4-4A14-99A0-046310D0DFEB}.Release|Any CPU.Build.0 = Release|Any CPU
		{C5AEC62A-2DC8-4020-80E6-9E87B2925312}.Debug|Any CPU.ActiveCfg = Debug|Any CPU
		{C5AEC62A-2DC8-4020-80E6-9E87B2925312}.Debug|Any CPU.Build.0 = Debug|Any CPU
		{C5AEC62A-2DC8-4020-80E6-9E87B2925312}.Release|Any CPU.ActiveCfg = Release|Any CPU
		{C5AEC62A-2DC8-4020-80E6-9E87B2925312}.Release|Any CPU.Build.0 = Release|Any CPU
		{2BAC87CC-51A8-41D9-96D5-5282B0BD73A8}.Debug|Any CPU.ActiveCfg = Debug|Any CPU
		{2BAC87CC-51A8-41D9-96D5-5282B0BD73A8}.Debug|Any CPU.Build.0 = Debug|Any CPU
		{2BAC87CC-51A8-41D9-96D5-5282B0BD73A8}.Release|Any CPU.ActiveCfg = Release|Any CPU
		{2BAC87CC-51A8-41D9-96D5-5282B0BD73A8}.Release|Any CPU.Build.0 = Release|Any CPU
		{E79689AD-C395-4AAC-81AA-2F6CE5FCE814}.Debug|Any CPU.ActiveCfg = Debug|Any CPU
		{E79689AD-C395-4AAC-81AA-2F6CE5FCE814}.Debug|Any CPU.Build.0 = Debug|Any CPU
		{E79689AD-C395-4AAC-81AA-2F6CE5FCE814}.Release|Any CPU.ActiveCfg = Release|Any CPU
		{E79689AD-C395-4AAC-81AA-2F6CE5FCE814}.Release|Any CPU.Build.0 = Release|Any CPU
		{06B934ED-80BE-4444-BEDD-D5678509D982}.Debug|Any CPU.ActiveCfg = Debug|Any CPU
		{06B934ED-80BE-4444-BEDD-D5678509D982}.Debug|Any CPU.Build.0 = Debug|Any CPU
		{06B934ED-80BE-4444-BEDD-D5678509D982}.Release|Any CPU.ActiveCfg = Release|Any CPU
		{06B934ED-80BE-4444-BEDD-D5678509D982}.Release|Any CPU.Build.0 = Release|Any CPU
		{52103D21-9DD1-4C60-BC26-DB3DDDB196CF}.Debug|Any CPU.ActiveCfg = Debug|Any CPU
		{52103D21-9DD1-4C60-BC26-DB3DDDB196CF}.Debug|Any CPU.Build.0 = Debug|Any CPU
		{52103D21-9DD1-4C60-BC26-DB3DDDB196CF}.Release|Any CPU.ActiveCfg = Release|Any CPU
		{52103D21-9DD1-4C60-BC26-DB3DDDB196CF}.Release|Any CPU.Build.0 = Release|Any CPU
		{405A57F6-959F-4C2E-9BDF-0C62527AEBBD}.Debug|Any CPU.ActiveCfg = Debug|Any CPU
		{405A57F6-959F-4C2E-9BDF-0C62527AEBBD}.Debug|Any CPU.Build.0 = Debug|Any CPU
		{405A57F6-959F-4C2E-9BDF-0C62527AEBBD}.Release|Any CPU.ActiveCfg = Release|Any CPU
		{405A57F6-959F-4C2E-9BDF-0C62527AEBBD}.Release|Any CPU.Build.0 = Release|Any CPU
		{D05C9B39-29FF-4087-9F74-06B3295146B5}.Debug|Any CPU.ActiveCfg = Debug|Any CPU
		{D05C9B39-29FF-4087-9F74-06B3295146B5}.Debug|Any CPU.Build.0 = Debug|Any CPU
		{D05C9B39-29FF-4087-9F74-06B3295146B5}.Release|Any CPU.ActiveCfg = Release|Any CPU
		{D05C9B39-29FF-4087-9F74-06B3295146B5}.Release|Any CPU.Build.0 = Release|Any CPU
		{88B1DF19-F53A-4B0F-8578-39383A7A3021}.Debug|Any CPU.ActiveCfg = Debug|Any CPU
		{88B1DF19-F53A-4B0F-8578-39383A7A3021}.Debug|Any CPU.Build.0 = Debug|Any CPU
		{88B1DF19-F53A-4B0F-8578-39383A7A3021}.Release|Any CPU.ActiveCfg = Release|Any CPU
		{88B1DF19-F53A-4B0F-8578-39383A7A3021}.Release|Any CPU.Build.0 = Release|Any CPU
		{F1ADEC27-2124-4B86-A97D-DF83B9692DD6}.Debug|Any CPU.ActiveCfg = Debug|Any CPU
		{F1ADEC27-2124-4B86-A97D-DF83B9692DD6}.Debug|Any CPU.Build.0 = Debug|Any CPU
		{F1ADEC27-2124-4B86-A97D-DF83B9692DD6}.Release|Any CPU.ActiveCfg = Release|Any CPU
		{F1ADEC27-2124-4B86-A97D-DF83B9692DD6}.Release|Any CPU.Build.0 = Release|Any CPU
		{56B57067-802B-4223-A77A-553F78AF4A42}.Debug|Any CPU.ActiveCfg = Debug|Any CPU
		{56B57067-802B-4223-A77A-553F78AF4A42}.Debug|Any CPU.Build.0 = Debug|Any CPU
		{56B57067-802B-4223-A77A-553F78AF4A42}.Release|Any CPU.ActiveCfg = Release|Any CPU
		{56B57067-802B-4223-A77A-553F78AF4A42}.Release|Any CPU.Build.0 = Release|Any CPU
		{20A9757D-E396-427D-B383-ABE2703CF4FE}.Debug|Any CPU.ActiveCfg = Debug|Any CPU
		{20A9757D-E396-427D-B383-ABE2703CF4FE}.Debug|Any CPU.Build.0 = Debug|Any CPU
		{20A9757D-E396-427D-B383-ABE2703CF4FE}.Release|Any CPU.ActiveCfg = Release|Any CPU
		{20A9757D-E396-427D-B383-ABE2703CF4FE}.Release|Any CPU.Build.0 = Release|Any CPU
		{A53100DC-8F82-420D-8F16-B74516718A7A}.Debug|Any CPU.ActiveCfg = Debug|Any CPU
		{A53100DC-8F82-420D-8F16-B74516718A7A}.Debug|Any CPU.Build.0 = Debug|Any CPU
		{A53100DC-8F82-420D-8F16-B74516718A7A}.Release|Any CPU.ActiveCfg = Release|Any CPU
		{A53100DC-8F82-420D-8F16-B74516718A7A}.Release|Any CPU.Build.0 = Release|Any CPU
		{5B6BD244-92FF-46D3-A979-34FB2EB80D0D}.Debug|Any CPU.ActiveCfg = Debug|Any CPU
		{5B6BD244-92FF-46D3-A979-34FB2EB80D0D}.Debug|Any CPU.Build.0 = Debug|Any CPU
		{5B6BD244-92FF-46D3-A979-34FB2EB80D0D}.Release|Any CPU.ActiveCfg = Release|Any CPU
		{5B6BD244-92FF-46D3-A979-34FB2EB80D0D}.Release|Any CPU.Build.0 = Release|Any CPU
		{C2F5AEE0-8BC5-45F7-ABD9-FD71E143C754}.Debug|Any CPU.ActiveCfg = Debug|Any CPU
		{C2F5AEE0-8BC5-45F7-ABD9-FD71E143C754}.Debug|Any CPU.Build.0 = Debug|Any CPU
		{C2F5AEE0-8BC5-45F7-ABD9-FD71E143C754}.Release|Any CPU.ActiveCfg = Release|Any CPU
		{C2F5AEE0-8BC5-45F7-ABD9-FD71E143C754}.Release|Any CPU.Build.0 = Release|Any CPU
		{593AF5FE-C9C6-4969-AC8B-FD66EAC2B229}.Debug|Any CPU.ActiveCfg = Debug|Any CPU
		{593AF5FE-C9C6-4969-AC8B-FD66EAC2B229}.Debug|Any CPU.Build.0 = Debug|Any CPU
		{593AF5FE-C9C6-4969-AC8B-FD66EAC2B229}.Release|Any CPU.ActiveCfg = Release|Any CPU
		{593AF5FE-C9C6-4969-AC8B-FD66EAC2B229}.Release|Any CPU.Build.0 = Release|Any CPU
	EndGlobalSection
	GlobalSection(SolutionProperties) = preSolution
		HideSolutionNode = FALSE
	EndGlobalSection
	GlobalSection(NestedProjects) = preSolution
		{10D64CAC-7E4C-4757-84A3-566A53A2361A} = {3E819727-5270-45ED-8300-6A0C6759C27E}
		{90A8F1D2-B5DD-4240-A7C3-45D6755FA116} = {3E819727-5270-45ED-8300-6A0C6759C27E}
		{E0CFBA53-1ED4-4A14-99A0-046310D0DFEB} = {3E819727-5270-45ED-8300-6A0C6759C27E}
		{C5AEC62A-2DC8-4020-80E6-9E87B2925312} = {5ABF3A86-814B-4239-ABE9-55D45CA6EB66}
		{2BAC87CC-51A8-41D9-96D5-5282B0BD73A8} = {5ABF3A86-814B-4239-ABE9-55D45CA6EB66}
		{E79689AD-C395-4AAC-81AA-2F6CE5FCE814} = {5ABF3A86-814B-4239-ABE9-55D45CA6EB66}
		{06B934ED-80BE-4444-BEDD-D5678509D982} = {4ADC0743-B43F-43BC-979C-33AB1F17E9B0}
		{52103D21-9DD1-4C60-BC26-DB3DDDB196CF} = {4ADC0743-B43F-43BC-979C-33AB1F17E9B0}
		{405A57F6-959F-4C2E-9BDF-0C62527AEBBD} = {4ADC0743-B43F-43BC-979C-33AB1F17E9B0}
		{D05C9B39-29FF-4087-9F74-06B3295146B5} = {34F23130-1578-4B1C-90B4-9B7F5AD6C0F7}
		{88B1DF19-F53A-4B0F-8578-39383A7A3021} = {34F23130-1578-4B1C-90B4-9B7F5AD6C0F7}
		{F1ADEC27-2124-4B86-A97D-DF83B9692DD6} = {34F23130-1578-4B1C-90B4-9B7F5AD6C0F7}
		{56B57067-802B-4223-A77A-553F78AF4A42} = {1CBA6FE6-4DBA-45B1-A69D-1E70BD751DE6}
		{20A9757D-E396-427D-B383-ABE2703CF4FE} = {1CBA6FE6-4DBA-45B1-A69D-1E70BD751DE6}
		{A53100DC-8F82-420D-8F16-B74516718A7A} = {1CBA6FE6-4DBA-45B1-A69D-1E70BD751DE6}
		{5B6BD244-92FF-46D3-A979-34FB2EB80D0D} = {7369DEED-C76E-4D6A-9701-572570B55A8F}
		{C2F5AEE0-8BC5-45F7-ABD9-FD71E143C754} = {7369DEED-C76E-4D6A-9701-572570B55A8F}
		{593AF5FE-C9C6-4969-AC8B-FD66EAC2B229} = {7369DEED-C76E-4D6A-9701-572570B55A8F}
	EndGlobalSection
	GlobalSection(ExtensibilityGlobals) = postSolution
		SolutionGuid = {AC7BC574-99C9-4F16-9142-4E369826E6EE}
	EndGlobalSection
EndGlobal
